
Microsoft Visual Studio Solution File, Format Version 12.00
Project("{FAE04EC0-301F-11D3-BF4B-00C04F79EFBC}") = "IDDDAgilePm", "IDDDAgilePm\IDDDAgilePm.csproj", "{6868FECD-BA49-4D53-AEBE-437FA5C8BE7A}"
EndProject
Project("{FAE04EC0-301F-11D3-BF4B-00C04F79EFBC}") = "IDDDCommon", "IDDDCommon\IDDDCommon.csproj", "{3070D3CD-7DA6-4996-B497-68A49203280F}"
EndProject
Project("{2150E333-8FDC-42A3-9474-1A3956D46DE8}") = "src", "src", "{9351D2BE-A008-4C45-A621-F69194607FD4}"
EndProject
Project("{FAE04EC0-301F-11D3-BF4B-00C04F79EFBC}") = "IDDDAgilePm.Test", "IDDDAgilePm.Test\IDDDAgilePm.Test.csproj", "{B823901B-FB19-4C2D-8208-18C377048FFE}"
EndProject
Project("{2150E333-8FDC-42A3-9474-1A3956D46DE8}") = "test", "test", "{32D23D49-37A8-4337-98E7-DA98A86B6445}"
EndProject
Project("{FAE04EC0-301F-11D3-BF4B-00C04F79EFBC}") = "IDDDCommon.Test", "IDDDCommon.Test\IDDDCommon.Test.csproj", "{0ECFF76A-B454-45F7-AD7D-CAEDBC30D62B}"
EndProject
Global
	GlobalSection(SolutionConfigurationPlatforms) = preSolution
		Debug|Any CPU = Debug|Any CPU
		Release|Any CPU = Release|Any CPU
	EndGlobalSection
	GlobalSection(ProjectConfigurationPlatforms) = postSolution
		{6868FECD-BA49-4D53-AEBE-437FA5C8BE7A}.Debug|Any CPU.ActiveCfg = Debug|Any CPU
		{6868FECD-BA49-4D53-AEBE-437FA5C8BE7A}.Debug|Any CPU.Build.0 = Debug|Any CPU
		{6868FECD-BA49-4D53-AEBE-437FA5C8BE7A}.Release|Any CPU.ActiveCfg = Release|Any CPU
		{6868FECD-BA49-4D53-AEBE-437FA5C8BE7A}.Release|Any CPU.Build.0 = Release|Any CPU
		{3070D3CD-7DA6-4996-B497-68A49203280F}.Debug|Any CPU.ActiveCfg = Debug|Any CPU
		{3070D3CD-7DA6-4996-B497-68A49203280F}.Debug|Any CPU.Build.0 = Debug|Any CPU
		{3070D3CD-7DA6-4996-B497-68A49203280F}.Release|Any CPU.ActiveCfg = Release|Any CPU
		{3070D3CD-7DA6-4996-B497-68A49203280F}.Release|Any CPU.Build.0 = Release|Any CPU
		{B823901B-FB19-4C2D-8208-18C377048FFE}.Debug|Any CPU.ActiveCfg = Debug|Any CPU
		{B823901B-FB19-4C2D-8208-18C377048FFE}.Debug|Any CPU.Build.0 = Debug|Any CPU
		{B823901B-FB19-4C2D-8208-18C377048FFE}.Release|Any CPU.ActiveCfg = Release|Any CPU
		{B823901B-FB19-4C2D-8208-18C377048FFE}.Release|Any CPU.Build.0 = Release|Any CPU
		{0ECFF76A-B454-45F7-AD7D-CAEDBC30D62B}.Debug|Any CPU.ActiveCfg = Debug|Any CPU
		{0ECFF76A-B454-45F7-AD7D-CAEDBC30D62B}.Debug|Any CPU.Build.0 = Debug|Any CPU
		{0ECFF76A-B454-45F7-AD7D-CAEDBC30D62B}.Release|Any CPU.ActiveCfg = Release|Any CPU
		{0ECFF76A-B454-45F7-AD7D-CAEDBC30D62B}.Release|Any CPU.Build.0 = Release|Any CPU
	EndGlobalSection
	GlobalSection(NestedProjects) = preSolution
		{6868FECD-BA49-4D53-AEBE-437FA5C8BE7A} = {9351D2BE-A008-4C45-A621-F69194607FD4}
		{3070D3CD-7DA6-4996-B497-68A49203280F} = {9351D2BE-A008-4C45-A621-F69194607FD4}
		{B823901B-FB19-4C2D-8208-18C377048FFE} = {32D23D49-37A8-4337-98E7-DA98A86B6445}
		{0ECFF76A-B454-45F7-AD7D-CAEDBC30D62B} = {32D23D49-37A8-4337-98E7-DA98A86B6445}
	EndGlobalSection
EndGlobal
